
Microsoft Visual Studio Solution File, Format Version 12.00
# Visual Studio 15
VisualStudioVersion = 15.0.28307.168
MinimumVisualStudioVersion = 10.0.40219.1
Project("{FAE04EC0-301F-11D3-BF4B-00C04F79EFBC}") = "NoContact", "NoContact\NoContact.csproj", "{F9FE280E-18CE-4895-9E1B-7A2506EFA86D}"
EndProject
Global
	GlobalSection(SolutionConfigurationPlatforms) = preSolution
		Debug|Any CPU = Debug|Any CPU
		Release|Any CPU = Release|Any CPU
	EndGlobalSection
	GlobalSection(ProjectConfigurationPlatforms) = postSolution
		{F9FE280E-18CE-4895-9E1B-7A2506EFA86D}.Debug|Any CPU.ActiveCfg = Debug|Any CPU
		{F9FE280E-18CE-4895-9E1B-7A2506EFA86D}.Debug|Any CPU.Build.0 = Debug|Any CPU
		{F9FE280E-18CE-4895-9E1B-7A2506EFA86D}.Release|Any CPU.ActiveCfg = Release|Any CPU
		{F9FE280E-18CE-4895-9E1B-7A2506EFA86D}.Release|Any CPU.Build.0 = Release|Any CPU
	EndGlobalSection
	GlobalSection(SolutionProperties) = preSolution
		HideSolutionNode = FALSE
	EndGlobalSection
	GlobalSection(ExtensibilityGlobals) = postSolution
		SolutionGuid = {E9609527-D399-4454-93D5-75BCFD4F9437}
	EndGlobalSection
EndGlobal
